
Microsoft Visual Studio Solution File, Format Version 12.00
# Visual Studio Version 17
VisualStudioVersion = 17.7.34031.279
MinimumVisualStudioVersion = 10.0.40219.1
Project("{9A19103F-16F7-4668-BE54-9A1E7A4F7556}") = "RESTWithASPNETBD", "RESTWithASPNETBD\RESTWithASPNETBD.csproj", "{A2047AE6-07F6-4465-BAF5-666BA33924ED}"
EndProject
Project("{E53339B2-1760-4266-BCC7-CA923CBCF16C}") = "docker-compose", "docker-compose.dcproj", "{4FCB7459-B1A5-46B4-9F3E-A536BE4730AA}"
EndProject
Global
	GlobalSection(SolutionConfigurationPlatforms) = preSolution
		Debug|Any CPU = Debug|Any CPU
		Release|Any CPU = Release|Any CPU
	EndGlobalSection
	GlobalSection(ProjectConfigurationPlatforms) = postSolution
		{A2047AE6-07F6-4465-BAF5-666BA33924ED}.Debug|Any CPU.ActiveCfg = Debug|Any CPU
		{A2047AE6-07F6-4465-BAF5-666BA33924ED}.Debug|Any CPU.Build.0 = Debug|Any CPU
		{A2047AE6-07F6-4465-BAF5-666BA33924ED}.Release|Any CPU.ActiveCfg = Release|Any CPU
		{A2047AE6-07F6-4465-BAF5-666BA33924ED}.Release|Any CPU.Build.0 = Release|Any CPU
		{4FCB7459-B1A5-46B4-9F3E-A536BE4730AA}.Debug|Any CPU.ActiveCfg = Debug|Any CPU
		{4FCB7459-B1A5-46B4-9F3E-A536BE4730AA}.Debug|Any CPU.Build.0 = Debug|Any CPU
		{4FCB7459-B1A5-46B4-9F3E-A536BE4730AA}.Release|Any CPU.ActiveCfg = Release|Any CPU
		{4FCB7459-B1A5-46B4-9F3E-A536BE4730AA}.Release|Any CPU.Build.0 = Release|Any CPU
	EndGlobalSection
	GlobalSection(SolutionProperties) = preSolution
		HideSolutionNode = FALSE
	EndGlobalSection
	GlobalSection(ExtensibilityGlobals) = postSolution
		SolutionGuid = {A8F05EF8-A5AB-4BE5-B862-4C8E06615160}
	EndGlobalSection
EndGlobal
